Microsoft Visual Studio Solution File, Format Version 12.00
# Visual Studio Version 17
VisualStudioVersion = 17.5.2.0
MinimumVisualStudioVersion = 10.0.40219.1
Project("{FAE04EC0-301F-11D3-BF4B-00C04F79EFBC}") = "finfastpruebatecnica", "finfastpruebatecnica.csproj", "{64AED69F-863B-94AC-D176-F1CE65769A7A}"
EndProject
Global
	GlobalSection(SolutionConfigurationPlatforms) = preSolution
		Debug|Any CPU = Debug|Any CPU
		Release|Any CPU = Release|Any CPU
	EndGlobalSection
	GlobalSection(ProjectConfigurationPlatforms) = postSolution
		{64AED69F-863B-94AC-D176-F1CE65769A7A}.Debug|Any CPU.ActiveCfg = Debug|Any CPU
		{64AED69F-863B-94AC-D176-F1CE65769A7A}.Debug|Any CPU.Build.0 = Debug|Any CPU
		{64AED69F-863B-94AC-D176-F1CE65769A7A}.Release|Any CPU.ActiveCfg = Release|Any CPU
		{64AED69F-863B-94AC-D176-F1CE65769A7A}.Release|Any CPU.Build.0 = Release|Any CPU
	EndGlobalSection
	GlobalSection(SolutionProperties) = preSolution
		HideSolutionNode = FALSE
	EndGlobalSection
	GlobalSection(ExtensibilityGlobals) = postSolution
		SolutionGuid = {A9241D18-36AA-401A-9A64-B94EC2165F86}
	EndGlobalSection
EndGlobal
